
Microsoft Visual Studio Solution File, Format Version 12.00
# Visual Studio 15
VisualStudioVersion = 15.0.27703.2000
MinimumVisualStudioVersion = 10.0.40219.1
Project("{FAE04EC0-301F-11D3-BF4B-00C04F79EFBC}") = "Dalel.iOS", "Dalel.iOS\Dalel.iOS.csproj", "{A538A2AF-D8B2-4726-8685-9606F5BB2534}"
EndProject
Global
	GlobalSection(SolutionConfigurationPlatforms) = preSolution
		Ad-Hoc|iPhone = Ad-Hoc|iPhone
		Ad-Hoc|iPhoneSimulator = Ad-Hoc|iPhoneSimulator
		AppStore|iPhone = AppStore|iPhone
		AppStore|iPhoneSimulator = AppStore|iPhoneSimulator
		Debug|iPhone = Debug|iPhone
		Debug|iPhoneSimulator = Debug|iPhoneSimulator
		Release|iPhone = Release|iPhone
		Release|iPhoneSimulator = Release|iPhoneSimulator
	EndGlobalSection
	GlobalSection(ProjectConfigurationPlatforms) = postSolution
		{A538A2AF-D8B2-4726-8685-9606F5BB2534}.Ad-Hoc|iPhone.ActiveCfg = Ad-Hoc|iPhone
		{A538A2AF-D8B2-4726-8685-9606F5BB2534}.Ad-Hoc|iPhone.Build.0 = Ad-Hoc|iPhone
		{A538A2AF-D8B2-4726-8685-9606F5BB2534}.Ad-Hoc|iPhoneSimulator.ActiveCfg = Ad-Hoc|iPhoneSimulator
		{A538A2AF-D8B2-4726-8685-9606F5BB2534}.Ad-Hoc|iPhoneSimulator.Build.0 = Ad-Hoc|iPhoneSimulator
		{A538A2AF-D8B2-4726-8685-9606F5BB2534}.AppStore|iPhone.ActiveCfg = AppStore|iPhone
		{A538A2AF-D8B2-4726-8685-9606F5BB2534}.AppStore|iPhone.Build.0 = AppStore|iPhone
		{A538A2AF-D8B2-4726-8685-9606F5BB2534}.AppStore|iPhoneSimulator.ActiveCfg = AppStore|iPhoneSimulator
		{A538A2AF-D8B2-4726-8685-9606F5BB2534}.AppStore|iPhoneSimulator.Build.0 = AppStore|iPhoneSimulator
		{A538A2AF-D8B2-4726-8685-9606F5BB2534}.Debug|iPhone.ActiveCfg = Debug|iPhone
		{A538A2AF-D8B2-4726-8685-9606F5BB2534}.Debug|iPhone.Build.0 = Debug|iPhone
		{A538A2AF-D8B2-4726-8685-9606F5BB2534}.Debug|iPhoneSimulator.ActiveCfg = Debug|iPhoneSimulator
		{A538A2AF-D8B2-4726-8685-9606F5BB2534}.Debug|iPhoneSimulator.Build.0 = Debug|iPhoneSimulator
		{A538A2AF-D8B2-4726-8685-9606F5BB2534}.Release|iPhone.ActiveCfg = Release|iPhone
		{A538A2AF-D8B2-4726-8685-9606F5BB2534}.Release|iPhone.Build.0 = Release|iPhone
		{A538A2AF-D8B2-4726-8685-9606F5BB2534}.Release|iPhoneSimulator.ActiveCfg = Release|iPhoneSimulator
		{A538A2AF-D8B2-4726-8685-9606F5BB2534}.Release|iPhoneSimulator.Build.0 = Release|iPhoneSimulator
	EndGlobalSection
	GlobalSection(SolutionProperties) = preSolution
		HideSolutionNode = FALSE
	EndGlobalSection
	GlobalSection(ExtensibilityGlobals) = postSolution
		SolutionGuid = {74E860F3-25D9-4F04-8946-D715C7419EBB}
	EndGlobalSection
EndGlobal
